// !$*UTF8*$!
{
	archiveVersion = 1;
	classes = {
	};
	objectVersion = 46;
	objects = {

/* Begin PBXBuildFile section */
		BCA8BA211B67949B0044C8CB /* main.m in Sources */ = {isa = PBXBuildFile; fileRef = BCA8BA201B67949B0044C8CB /* main.m */; };
		BCA8BA241B67949B0044C8CB /* AppDelegate.m in Sources */ = {isa = PBXBuildFile; fileRef = BCA8BA231B67949B0044C8CB /* AppDelegate.m */; };
		BCA8BA261B67949B0044C8CB /* Images.xcassets in Resources */ = {isa = PBXBuildFile; fileRef = BCA8BA251B67949B0044C8CB /* Images.xcassets */; };
		BCA8BA291B67949B0044C8CB /* LaunchScreen.xib in Resources */ = {isa = PBXBuildFile; fileRef = BCA8BA271B67949B0044C8CB /* LaunchScreen.xib */; };
		BCA8BA351B67949C0044C8CB /* CalculatorTests.m in Sources */ = {isa = PBXBuildFile; fileRef = BCA8BA341B67949C0044C8CB /* CalculatorTests.m */; };
		BCA8BA401B6794ED0044C8CB /* FirstViewController.m in Sources */ = {isa = PBXBuildFile; fileRef = BCA8BA3F1B6794ED0044C8CB /* FirstViewController.m */; };
/* End PBXBuildFile section */

/* Begin PBXContainerItemProxy section */
		BCA8BA2F1B67949C0044C8CB /* PBXContainerItemProxy */ = {
			isa = PBXContainerItemProxy;
			containerPortal = BCA8BA131B67949B0044C8CB /* Project object */;
			proxyType = 1;
			remoteGlobalIDString = BCA8BA1A1B67949B0044C8CB;
			remoteInfo = Calculator;
		};
/* End PBXContainerItemProxy section */

/* Begin PBXFileReference section */
		BCA8BA1B1B67949B0044C8CB /* Calculator.app */ = {isa = PBXFileReference; explicitFileType = wrapper.application; includeInIndex = 0; path = Calculator.app; sourceTree = BUILT_PRODUCTS_DIR; };
		BCA8BA1F1B67949B0044C8CB /* Info.plist */ = {isa = PBXFileReference; lastKnownFileType = text.plist.xml; path = Info.plist; sourceTree = "<group>"; };
		BCA8BA201B67949B0044C8CB /* main.m */ = {isa = PBXFileReference; lastKnownFileType = sourcecode.c.objc; path = main.m; sourceTree = "<group>"; };
		BCA8BA221B67949B0044C8CB /* AppDelegate.h */ = {isa = PBXFileReference; lastKnownFileType = sourcecode.c.h; path = AppDelegate.h; sourceTree = "<group>"; };
		BCA8BA231B67949B0044C8CB /* AppDelegate.m */ = {isa = PBXFileReference; lastKnownFileType = sourcecode.c.objc; path = AppDelegate.m; sourceTree = "<group>"; };
		BCA8BA251B67949B0044C8CB /* Images.xcassets */ = {isa = PBXFileReference; lastKnownFileType = folder.assetcatalog; path = Images.xcassets; sourceTree = "<group>"; };
		BCA8BA281B67949B0044C8CB /* Base */ = {isa = PBXFileReference; lastKnownFileType = file.xib; name = Base; path = Base.lproj/LaunchScreen.xib; sourceTree = "<group>"; };
		BCA8BA2E1B67949C0044C8CB /* CalculatorTests.xctest */ = {isa = PBXFileReference; explicitFileType = wrapper.cfbundle; includeInIndex = 0; path = CalculatorTests.xctest; sourceTree = BUILT_PRODUCTS_DIR; };
		BCA8BA331B67949C0044C8CB /* Info.plist */ = {isa = PBXFileReference; lastKnownFileType = text.plist.xml; path = Info.plist; sourceTree = "<group>"; };
		BCA8BA341B67949C0044C8CB /* CalculatorTests.m */ = {isa = PBXFileReference; lastKnownFileType = sourcecode.c.objc; path = CalculatorTests.m; sourceTree = "<group>"; };
		BCA8BA3E1B6794ED0044C8CB /* FirstViewController.h */ = {isa = PBXFileReference; fileEncoding = 4; lastKnownFileType = sourcecode.c.h; path = FirstViewController.h; sourceTree = "<group>"; };
		BCA8BA3F1B6794ED0044C8CB /* FirstViewController.m */ = {isa = PBXFileReference; fileEncoding = 4; lastKnownFileType = sourcecode.c.objc; path = FirstViewController.m; sourceTree = "<group>"; };
/* End PBXFileReference section */

/* Begin PBXFrameworksBuildPhase section */
		BCA8BA181B67949B0044C8CB /* Frameworks */ = {
			isa = PBXFrameworksBuildPhase;
			buildActionMask = 2147483647;
			files = (
			);
			runOnlyForDeploymentPostprocessing = 0;
		};
		BCA8BA2B1B67949C0044C8CB /* Frameworks */ = {
			isa = PBXFrameworksBuildPhase;
			buildActionMask = 2147483647;
			files = (
			);
			runOnlyForDeploymentPostprocessing = 0;
		};
/* End PBXFrameworksBuildPhase section */

/* Begin PBXGroup section */
		BCA8BA121B67949B0044C8CB = {
			isa = PBXGroup;
			children = (
				BCA8BA1D1B67949B0044C8CB /* Calculator */,
				BCA8BA311B67949C0044C8CB /* CalculatorTests */,
				BCA8BA1C1B67949B0044C8CB /* Products */,
			);
			sourceTree = "<group>";
		};
		BCA8BA1C1B67949B0044C8CB /* Products */ = {
			isa = PBXGroup;
			children = (
				BCA8BA1B1B67949B0044C8CB /* Calculator.app */,
				BCA8BA2E1B67949C0044C8CB /* CalculatorTests.xctest */,
			);
			name = Products;
			sourceTree = "<group>";
		};
		BCA8BA1D1B67949B0044C8CB /* Calculator */ = {
			isa = PBXGroup;
			children = (
				BCA8BA221B67949B0044C8CB /* AppDelegate.h */,
				BCA8BA231B67949B0044C8CB /* AppDelegate.m */,
				BCA8BA3E1B6794ED0044C8CB /* FirstViewController.h */,
				BCA8BA3F1B6794ED0044C8CB /* FirstViewController.m */,
				BCA8BA251B67949B0044C8CB /* Images.xcassets */,
				BCA8BA271B67949B0044C8CB /* LaunchScreen.xib */,
				BCA8BA1E1B67949B0044C8CB /* Supporting Files */,
			);
			path = Calculator;
			sourceTree = "<group>";
		};
		BCA8BA1E1B67949B0044C8CB /* Supporting Files */ = {
			isa = PBXGroup;
			children = (
				BCA8BA1F1B67949B0044C8CB /* Info.plist */,
				BCA8BA201B67949B0044C8CB /* main.m */,
			);
			name = "Supporting Files";
			sourceTree = "<group>";
		};
		BCA8BA311B67949C0044C8CB /* CalculatorTests */ = {
			isa = PBXGroup;
			children = (
				BCA8BA341B67949C0044C8CB /* CalculatorTests.m */,
				BCA8BA321B67949C0044C8CB /* Supporting Files */,
			);
			path = CalculatorTests;
			sourceTree = "<group>";
		};
		BCA8BA321B67949C0044C8CB /* Supporting Files */ = {
			isa = PBXGroup;
			children = (
				BCA8BA331B67949C0044C8CB /* Info.plist */,
			);
			name = "Supporting Files";
			sourceTree = "<group>";
		};
/* End PBXGroup section */

/* Begin PBXNativeTarget section */
		BCA8BA1A1B67949B0044C8CB /* Calculator */ = {
			isa = PBXNativeTarget;
			buildConfigurationList = BCA8BA381B67949C0044C8CB /* Build configuration list for PBXNativeTarget "Calculator" */;
			buildPhases = (
				BCA8BA171B67949B0044C8CB /* Sources */,
				BCA8BA181B67949B0044C8CB /* Frameworks */,
				BCA8BA191B67949B0044C8CB /* Resources */,
			);
			buildRules = (
			);
			dependencies = (
			);
			name = Calculator;
			productName = Calculator;
			productReference = BCA8BA1B1B67949B0044C8CB /* Calculator.app */;
			productType = "com.apple.product-type.application";
		};
		BCA8BA2D1B67949C0044C8CB /* CalculatorTests */ = {
			isa = PBXNativeTarget;
			buildConfigurationList = BCA8BA3B1B67949C0044C8CB /* Build configuration list for PBXNativeTarget "CalculatorTests" */;
			buildPhases = (
				BCA8BA2A1B67949C0044C8CB /* Sources */,
				BCA8BA2B1B67949C0044C8CB /* Frameworks */,
				BCA8BA2C1B67949C0044C8CB /* Resources */,
			);
			buildRules = (
			);
			dependencies = (
				BCA8BA301B67949C0044C8CB /* PBXTargetDependency */,
			);
			name = CalculatorTests;
			productName = CalculatorTests;
			productReference = BCA8BA2E1B67949C0044C8CB /* CalculatorTests.xctest */;
			productType = "com.apple.product-type.bundle.unit-test";
		};
/* End PBXNativeTarget section */

/* Begin PBXProject section */
		BCA8BA131B67949B0044C8CB /* Project object */ = {
			isa = PBXProject;
			attributes = {
				LastUpgradeCheck = 0630;
				ORGANIZATIONNAME = cfboon.org;
				TargetAttributes = {
					BCA8BA1A1B67949B0044C8CB = {
						CreatedOnToolsVersion = 6.3.1;
					};
					BCA8BA2D1B67949C0044C8CB = {
						CreatedOnToolsVersion = 6.3.1;
						TestTargetID = BCA8BA1A1B67949B0044C8CB;
					};
				};
			};
			buildConfigurationList = BCA8BA161B67949B0044C8CB /* Build configuration list for PBXProject "Calculator" */;
			compatibilityVersion = "Xcode 3.2";
			developmentRegion = English;
			hasScannedForEncodings = 0;
			knownRegions = (
				en,
				Base,
			);
			mainGroup = BCA8BA121B67949B0044C8CB;
			productRefGroup = BCA8BA1C1B67949B0044C8CB /* Products */;
			projectDirPath = "";
			projectRoot = "";
			targets = (
				BCA8BA1A1B67949B0044C8CB /* Calculator */,
				BCA8BA2D1B67949C0044C8CB /* CalculatorTests */,
			);
		};
/* End PBXProject section */

/* Begin PBXResourcesBuildPhase section */
		BCA8BA191B67949B0044C8CB /* Resources */ = {
			isa = PBXResourcesBuildPhase;
			buildActionMask = 2147483647;
			files = (
				BCA8BA291B67949B0044C8CB /* LaunchScreen.xib in Resources */,
				BCA8BA261B67949B0044C8CB /* Images.xcassets in Resources */,
			);
			runOnlyForDeploymentPostprocessing = 0;
		};
		BCA8BA2C1B67949C0044C8CB /* Resources */ = {
			isa = PBXResourcesBuildPhase;
			buildActionMask = 2147483647;
			files = (
			);
			runOnlyForDeploymentPostprocessing = 0;
		};
/* End PBXResourcesBuildPhase section */

/* Begin PBXSourcesBuildPhase section */
		BCA8BA171B67949B0044C8CB /* Sources */ = {
			isa = PBXSourcesBuildPhase;
			buildActionMask = 2147483647;
			files = (
				BCA8BA241B67949B0044C8CB /* AppDelegate.m in Sources */,
				BCA8BA401B6794ED0044C8CB /* FirstViewController.m in Sources */,
				BCA8BA211B67949B0044C8CB /* main.m in Sources */,
			);
			runOnlyForDeploymentPostprocessing = 0;
		};
		BCA8BA2A1B67949C0044C8CB /* Sources */ = {
			isa = PBXSourcesBuildPhase;
			buildActionMask = 2147483647;
			files = (
				BCA8BA351B67949C0044C8CB /* CalculatorTests.m in Sources */,
			);
			runOnlyForDeploymentPostprocessing = 0;
		};
/* End PBXSourcesBuildPhase section */

/* Begin PBXTargetDependency section */
		BCA8BA301B67949C0044C8CB /* PBXTargetDependency */ = {
			isa = PBXTargetDependency;
			target = BCA8BA1A1B67949B0044C8CB /* Calculator */;
			targetProxy = BCA8BA2F1B67949C0044C8CB /* PBXContainerItemProxy */;
		};
/* End PBXTargetDependency section */

/* Begin PBXVariantGroup section */
		BCA8BA271B67949B0044C8CB /* LaunchScreen.xib */ = {
			isa = PBXVariantGroup;
			children = (
				BCA8BA281B67949B0044C8CB /* Base */,
			);
			name = LaunchScreen.xib;
			sourceTree = "<group>";
		};
/* End PBXVariantGroup section */

/* Begin XCBuildConfiguration section */
		BCA8BA361B67949C0044C8CB /* Debug */ = {
			isa = XCBuildConfiguration;
			buildSettings = {
				ALWAYS_SEARCH_USER_PATHS = NO;
				CLANG_CXX_LANGUAGE_STANDARD = "gnu++0x";
				CLANG_CXX_LIBRARY = "libc++";
				CLANG_ENABLE_MODULES = YES;
				CLANG_ENABLE_OBJC_ARC = YES;
				CLANG_WARN_BOOL_CONVERSION = YES;
				CLANG_WARN_CONSTANT_CONVERSION = YES;
				CLANG_WARN_DIRECT_OBJC_ISA_USAGE = YES_ERROR;
				CLANG_WARN_EMPTY_BODY = YES;
				CLANG_WARN_ENUM_CONVERSION = YES;
				CLANG_WARN_INT_CONVERSION = YES;
				CLANG_WARN_OBJC_ROOT_CLASS = YES_ERROR;
				CLANG_WARN_UNREACHABLE_CODE = YES;
				CLANG_WARN__DUPLICATE_METHOD_MATCH = YES;
				"CODE_SIGN_IDENTITY[sdk=iphoneos*]" = "iPhone Developer";
				COPY_PHASE_STRIP = NO;
				DEBUG_INFORMATION_FORMAT = "dwarf-with-dsym";
				ENABLE_STRICT_OBJC_MSGSEND = YES;
				GCC_C_LANGUAGE_STANDARD = gnu99;
				GCC_DYNAMIC_NO_PIC = NO;
				GCC_NO_COMMON_BLOCKS = YES;
				GCC_OPTIMIZATION_LEVEL = 0;
				GCC_PREPROCESSOR_DEFINITIONS = (
					"DEBUG=1",
					"$(inherited)",
				);
				GCC_SYMBOLS_PRIVATE_EXTERN = NO;
				GCC_WARN_64_TO_32_BIT_CONVERSION = YES;
				GCC_WARN_ABOUT_RETURN_TYPE = YES_ERROR;
				GCC_WARN_UNDECLARED_SELECTOR = YES;
				GCC_WARN_UNINITIALIZED_AUTOS = YES_AGGRESSIVE;
				GCC_WARN_UNUSED_FUNCTION = YES;
				GCC_WARN_UNUSED_VARIABLE = YES;
				IPHONEOS_DEPLOYMENT_TARGET = 8.3;
				MTL_ENABLE_DEBUG_INFO = YES;
				ONLY_ACTIVE_ARCH = YES;
				SDKROOT = iphoneos;
			};
			name = Debug;
		};
		BCA8BA371B67949C0044C8CB /* Release */ = {
			isa = XCBuildConfiguration;
			buildSettings = {
				ALWAYS_SEARCH_USER_PATHS = NO;
				CLANG_CXX_LANGUAGE_STANDARD = "gnu++0x";
				CLANG_CXX_LIBRARY = "libc++";
				CLANG_ENABLE_MODULES = YES;
				CLANG_ENABLE_OBJC_ARC = YES;
				CLANG_WARN_BOOL_CONVERSION = YES;
				CLANG_WARN_CONSTANT_CONVERSION = YES;
				CLANG_WARN_DIRECT_OBJC_ISA_USAGE = YES_ERROR;
				CLANG_WARN_EMPTY_BODY = YES;
				CLANG_WARN_ENUM_CONVERSION = YES;
				CLANG_WARN_INT_CONVERSION = YES;
				CLANG_WARN_OBJC_ROOT_CLASS = YES_ERROR;
				CLANG_WARN_UNREACHABLE_CODE = YES;
				CLANG_WARN__DUPLICATE_METHOD_MATCH = YES;
				"CODE_SIGN_IDENTITY[sdk=iphoneos*]" = "iPhone Developer";
				COPY_PHASE_STRIP = NO;
				DEBUG_INFORMATION_FORMAT = "dwarf-with-dsym";
				ENABLE_NS_ASSERTIONS = NO;
				ENABLE_STRICT_OBJC_MSGSEND = YES;
				GCC_C_LANGUAGE_STANDARD = gnu99;
				GCC_NO_COMMON_BLOCKS = YES;
				GCC_WARN_64_TO_32_BIT_CONVERSION = YES;
				GCC_WARN_ABOUT_RETURN_TYPE = YES_ERROR;
				GCC_WARN_UNDECLARED_SELECTOR = YES;
				GCC_WARN_UNINITIALIZED_AUTOS = YES_AGGRESSIVE;
				GCC_WARN_UNUSED_FUNCTION = YES;
				GCC_WARN_UNUSED_VARIABLE = YES;
				IPHONEOS_DEPLOYMENT_TARGET = 8.3;
				MTL_ENABLE_DEBUG_INFO = NO;
				SDKROOT = iphoneos;
				VALIDATE_PRODUCT = YES;
			};
			name = Release;
		};
		BCA8BA391B67949C0044C8CB /* Debug */ = {
			isa = XCBuildConfiguration;
			buildSettings = {
				ASSETCATALOG_COMPILER_APPICON_NAME = AppIcon;
				INFOPLIST_FILE = Calculator/Info.plist;
				LD_RUNPATH_SEARCH_PATHS = "$(inherited) @executable_path/Frameworks";
				PRODUCT_NAME = "$(TARGET_NAME)";
			};
			name = Debug;
		};
		BCA8BA3A1B67949C0044C8CB /* Release */ = {
			isa = XCBuildConfiguration;
			buildSettings = {
				ASSETCATALOG_COMPILER_APPICON_NAME = AppIcon;
				INFOPLIST_FILE = Calculator/Info.plist;
				LD_RUNPATH_SEARCH_PATHS = "$(inherited) @executable_path/Frameworks";
				PRODUCT_NAME = "$(TARGET_NAME)";
			};
			name = Release;
		};
		BCA8BA3C1B67949C0044C8CB /* Debug */ = {
			isa = XCBuildConfiguration;
			buildSettings = {
				BUNDLE_LOADER = "$(TEST_HOST)";
				FRAMEWORK_SEARCH_PATHS = (
					"$(SDKROOT)/Developer/Library/Frameworks",
					"$(inherited)",
				);
				GCC_PREPROCESSOR_DEFINITIONS = (
					"DEBUG=1",
					"$(inherited)",
				);
				INFOPLIST_FILE = CalculatorTests/Info.plist;
				LD_RUNPATH_SEARCH_PATHS = "$(inherited) @executable_path/Frameworks @loader_path/Frameworks";
				PRODUCT_NAME = "$(TARGET_NAME)";
				TEST_HOST = "$(BUILT_PRODUCTS_DIR)/Calculator.app/Calculator";
			};
			name = Debug;
		};
		BCA8BA3D1B67949C0044C8CB /* Release */ = {
			isa = XCBuildConfiguration;
			buildSettings = {
				BUNDLE_LOADER = "$(TEST_HOST)";
				FRAMEWORK_SEARCH_PATHS = (
					"$(SDKROOT)/Developer/Library/Frameworks",
					"$(inherited)",
				);
				INFOPLIST_FILE = CalculatorTests/Info.plist;
				LD_RUNPATH_SEARCH_PATHS = "$(inherited) @executable_path/Frameworks @loader_path/Frameworks";
				PRODUCT_NAME = "$(TARGET_NAME)";
				TEST_HOST = "$(BUILT_PRODUCTS_DIR)/Calculator.app/Calculator";
			};
			name = Release;
		};
/* End XCBuildConfiguration section */

/* Begin XCConfigurationList section */
		BCA8BA161B67949B0044C8CB /* Build configuration list for PBXProject "Calculator" */ = {
			isa = XCConfigurationList;
			buildConfigurations = (
				BCA8BA361B67949C0044C8CB /* Debug */,
				BCA8BA371B67949C0044C8CB /* Release */,
			);
			defaultConfigurationIsVisible = 0;
			defaultConfigurationName = Release;
		};
		BCA8BA381B67949C0044C8CB /* Build configuration list for PBXNativeTarget "Calculator" */ = {
			isa = XCConfigurationList;
			buildConfigurations = (
				BCA8BA391B67949C0044C8CB /* Debug */,
				BCA8BA3A1B67949C0044C8CB /* Release */,
			);
			defaultConfigurationIsVisible = 0;
		};
		BCA8BA3B1B67949C0044C8CB /* Build configuration list for PBXNativeTarget "CalculatorTests" */ = {
			isa = XCConfigurationList;
			buildConfigurations = (
				BCA8BA3C1B67949C0044C8CB /* Debug */,
				BCA8BA3D1B67949C0044C8CB /* Release */,
			);
			defaultConfigurationIsVisible = 0;
		};
/* End XCConfigurationList section */
	};
	rootObject = BCA8BA131B67949B0044C8CB /* Project object */;
}
