// !$*UTF8*$!
{
	archiveVersion = 1;
	classes = {
	};
	objectVersion = 46;
	objects = {

/* Begin PBXBuildFile section */
		1A44AE8A1B67536300CD08CF /* main.m in Sources */ = {isa = PBXBuildFile; fileRef = 1A44AE891B67536300CD08CF /* main.m */; };
		1A44AE8D1B67536300CD08CF /* AppDelegate.m in Sources */ = {isa = PBXBuildFile; fileRef = 1A44AE8C1B67536300CD08CF /* AppDelegate.m */; };
		1A44AE8F1B67536300CD08CF /* Images.xcassets in Resources */ = {isa = PBXBuildFile; fileRef = 1A44AE8E1B67536300CD08CF /* Images.xcassets */; };
		1A44AE921B67536300CD08CF /* LaunchScreen.xib in Resources */ = {isa = PBXBuildFile; fileRef = 1A44AE901B67536300CD08CF /* LaunchScreen.xib */; };
		1A44AE9E1B67536300CD08CF /* ButtonPracticeTests.m in Sources */ = {isa = PBXBuildFile; fileRef = 1A44AE9D1B67536300CD08CF /* ButtonPracticeTests.m */; };
		1A44AEB21B67537B00CD08CF /* 1_normal.png in Resources */ = {isa = PBXBuildFile; fileRef = 1A44AEA81B67537B00CD08CF /* 1_normal.png */; };
		1A44AEB31B67537B00CD08CF /* 1_selected.png in Resources */ = {isa = PBXBuildFile; fileRef = 1A44AEA91B67537B00CD08CF /* 1_selected.png */; };
		1A44AEB41B67537B00CD08CF /* 2_normal.png in Resources */ = {isa = PBXBuildFile; fileRef = 1A44AEAA1B67537B00CD08CF /* 2_normal.png */; };
		1A44AEB51B67537B00CD08CF /* 2_selected.png in Resources */ = {isa = PBXBuildFile; fileRef = 1A44AEAB1B67537B00CD08CF /* 2_selected.png */; };
		1A44AEB61B67537B00CD08CF /* 3_normal.png in Resources */ = {isa = PBXBuildFile; fileRef = 1A44AEAC1B67537B00CD08CF /* 3_normal.png */; };
		1A44AEB71B67537B00CD08CF /* 3_selected.png in Resources */ = {isa = PBXBuildFile; fileRef = 1A44AEAD1B67537B00CD08CF /* 3_selected.png */; };
		1A44AEB81B67537B00CD08CF /* 4_normal.png in Resources */ = {isa = PBXBuildFile; fileRef = 1A44AEAE1B67537B00CD08CF /* 4_normal.png */; };
		1A44AEB91B67537B00CD08CF /* 4_selected.png in Resources */ = {isa = PBXBuildFile; fileRef = 1A44AEAF1B67537B00CD08CF /* 4_selected.png */; };
		1A44AEBA1B67537B00CD08CF /* 5_normal.png in Resources */ = {isa = PBXBuildFile; fileRef = 1A44AEB01B67537B00CD08CF /* 5_normal.png */; };
		1A44AEBB1B67537B00CD08CF /* 5_selected.png in Resources */ = {isa = PBXBuildFile; fileRef = 1A44AEB11B67537B00CD08CF /* 5_selected.png */; };
/* End PBXBuildFile section */

/* Begin PBXContainerItemProxy section */
		1A44AE981B67536300CD08CF /* PBXContainerItemProxy */ = {
			isa = PBXContainerItemProxy;
			containerPortal = 1A44AE7C1B67536300CD08CF /* Project object */;
			proxyType = 1;
			remoteGlobalIDString = 1A44AE831B67536300CD08CF;
			remoteInfo = ButtonPractice;
		};
/* End PBXContainerItemProxy section */

/* Begin PBXFileReference section */
		1A44AE841B67536300CD08CF /* ButtonPractice.app */ = {isa = PBXFileReference; explicitFileType = wrapper.application; includeInIndex = 0; path = ButtonPractice.app; sourceTree = BUILT_PRODUCTS_DIR; };
		1A44AE881B67536300CD08CF /* Info.plist */ = {isa = PBXFileReference; lastKnownFileType = text.plist.xml; path = Info.plist; sourceTree = "<group>"; };
		1A44AE891B67536300CD08CF /* main.m */ = {isa = PBXFileReference; lastKnownFileType = sourcecode.c.objc; path = main.m; sourceTree = "<group>"; };
		1A44AE8B1B67536300CD08CF /* AppDelegate.h */ = {isa = PBXFileReference; lastKnownFileType = sourcecode.c.h; path = AppDelegate.h; sourceTree = "<group>"; };
		1A44AE8C1B67536300CD08CF /* AppDelegate.m */ = {isa = PBXFileReference; lastKnownFileType = sourcecode.c.objc; path = AppDelegate.m; sourceTree = "<group>"; };
		1A44AE8E1B67536300CD08CF /* Images.xcassets */ = {isa = PBXFileReference; lastKnownFileType = folder.assetcatalog; path = Images.xcassets; sourceTree = "<group>"; };
		1A44AE911B67536300CD08CF /* Base */ = {isa = PBXFileReference; lastKnownFileType = file.xib; name = Base; path = Base.lproj/LaunchScreen.xib; sourceTree = "<group>"; };
		1A44AE971B67536300CD08CF /* ButtonPracticeTests.xctest */ = {isa = PBXFileReference; explicitFileType = wrapper.cfbundle; includeInIndex = 0; path = ButtonPracticeTests.xctest; sourceTree = BUILT_PRODUCTS_DIR; };
		1A44AE9C1B67536300CD08CF /* Info.plist */ = {isa = PBXFileReference; lastKnownFileType = text.plist.xml; path = Info.plist; sourceTree = "<group>"; };
		1A44AE9D1B67536300CD08CF /* ButtonPracticeTests.m */ = {isa = PBXFileReference; lastKnownFileType = sourcecode.c.objc; path = ButtonPracticeTests.m; sourceTree = "<group>"; };
		1A44AEA81B67537B00CD08CF /* 1_normal.png */ = {isa = PBXFileReference; lastKnownFileType = image.png; path = 1_normal.png; sourceTree = "<group>"; };
		1A44AEA91B67537B00CD08CF /* 1_selected.png */ = {isa = PBXFileReference; lastKnownFileType = image.png; path = 1_selected.png; sourceTree = "<group>"; };
		1A44AEAA1B67537B00CD08CF /* 2_normal.png */ = {isa = PBXFileReference; lastKnownFileType = image.png; path = 2_normal.png; sourceTree = "<group>"; };
		1A44AEAB1B67537B00CD08CF /* 2_selected.png */ = {isa = PBXFileReference; lastKnownFileType = image.png; path = 2_selected.png; sourceTree = "<group>"; };
		1A44AEAC1B67537B00CD08CF /* 3_normal.png */ = {isa = PBXFileReference; lastKnownFileType = image.png; path = 3_normal.png; sourceTree = "<group>"; };
		1A44AEAD1B67537B00CD08CF /* 3_selected.png */ = {isa = PBXFileReference; lastKnownFileType = image.png; path = 3_selected.png; sourceTree = "<group>"; };
		1A44AEAE1B67537B00CD08CF /* 4_normal.png */ = {isa = PBXFileReference; lastKnownFileType = image.png; path = 4_normal.png; sourceTree = "<group>"; };
		1A44AEAF1B67537B00CD08CF /* 4_selected.png */ = {isa = PBXFileReference; lastKnownFileType = image.png; path = 4_selected.png; sourceTree = "<group>"; };
		1A44AEB01B67537B00CD08CF /* 5_normal.png */ = {isa = PBXFileReference; lastKnownFileType = image.png; path = 5_normal.png; sourceTree = "<group>"; };
		1A44AEB11B67537B00CD08CF /* 5_selected.png */ = {isa = PBXFileReference; lastKnownFileType = image.png; path = 5_selected.png; sourceTree = "<group>"; };
/* End PBXFileReference section */

/* Begin PBXFrameworksBuildPhase section */
		1A44AE811B67536300CD08CF /* Frameworks */ = {
			isa = PBXFrameworksBuildPhase;
			buildActionMask = 2147483647;
			files = (
			);
			runOnlyForDeploymentPostprocessing = 0;
		};
		1A44AE941B67536300CD08CF /* Frameworks */ = {
			isa = PBXFrameworksBuildPhase;
			buildActionMask = 2147483647;
			files = (
			);
			runOnlyForDeploymentPostprocessing = 0;
		};
/* End PBXFrameworksBuildPhase section */

/* Begin PBXGroup section */
		1A44AE7B1B67536300CD08CF = {
			isa = PBXGroup;
			children = (
				1A44AE861B67536300CD08CF /* ButtonPractice */,
				1A44AE9A1B67536300CD08CF /* ButtonPracticeTests */,
				1A44AE851B67536300CD08CF /* Products */,
			);
			sourceTree = "<group>";
		};
		1A44AE851B67536300CD08CF /* Products */ = {
			isa = PBXGroup;
			children = (
				1A44AE841B67536300CD08CF /* ButtonPractice.app */,
				1A44AE971B67536300CD08CF /* ButtonPracticeTests.xctest */,
			);
			name = Products;
			sourceTree = "<group>";
		};
		1A44AE861B67536300CD08CF /* ButtonPractice */ = {
			isa = PBXGroup;
			children = (
				1A44AEA71B67537B00CD08CF /* BtnImg */,
				1A44AE8B1B67536300CD08CF /* AppDelegate.h */,
				1A44AE8C1B67536300CD08CF /* AppDelegate.m */,
				1A44AE8E1B67536300CD08CF /* Images.xcassets */,
				1A44AE901B67536300CD08CF /* LaunchScreen.xib */,
				1A44AE871B67536300CD08CF /* Supporting Files */,
			);
			path = ButtonPractice;
			sourceTree = "<group>";
		};
		1A44AE871B67536300CD08CF /* Supporting Files */ = {
			isa = PBXGroup;
			children = (
				1A44AE881B67536300CD08CF /* Info.plist */,
				1A44AE891B67536300CD08CF /* main.m */,
			);
			name = "Supporting Files";
			sourceTree = "<group>";
		};
		1A44AE9A1B67536300CD08CF /* ButtonPracticeTests */ = {
			isa = PBXGroup;
			children = (
				1A44AE9D1B67536300CD08CF /* ButtonPracticeTests.m */,
				1A44AE9B1B67536300CD08CF /* Supporting Files */,
			);
			path = ButtonPracticeTests;
			sourceTree = "<group>";
		};
		1A44AE9B1B67536300CD08CF /* Supporting Files */ = {
			isa = PBXGroup;
			children = (
				1A44AE9C1B67536300CD08CF /* Info.plist */,
			);
			name = "Supporting Files";
			sourceTree = "<group>";
		};
		1A44AEA71B67537B00CD08CF /* BtnImg */ = {
			isa = PBXGroup;
			children = (
				1A44AEA81B67537B00CD08CF /* 1_normal.png */,
				1A44AEA91B67537B00CD08CF /* 1_selected.png */,
				1A44AEAA1B67537B00CD08CF /* 2_normal.png */,
				1A44AEAB1B67537B00CD08CF /* 2_selected.png */,
				1A44AEAC1B67537B00CD08CF /* 3_normal.png */,
				1A44AEAD1B67537B00CD08CF /* 3_selected.png */,
				1A44AEAE1B67537B00CD08CF /* 4_normal.png */,
				1A44AEAF1B67537B00CD08CF /* 4_selected.png */,
				1A44AEB01B67537B00CD08CF /* 5_normal.png */,
				1A44AEB11B67537B00CD08CF /* 5_selected.png */,
			);
			path = BtnImg;
			sourceTree = "<group>";
		};
/* End PBXGroup section */

/* Begin PBXNativeTarget section */
		1A44AE831B67536300CD08CF /* ButtonPractice */ = {
			isa = PBXNativeTarget;
			buildConfigurationList = 1A44AEA11B67536300CD08CF /* Build configuration list for PBXNativeTarget "ButtonPractice" */;
			buildPhases = (
				1A44AE801B67536300CD08CF /* Sources */,
				1A44AE811B67536300CD08CF /* Frameworks */,
				1A44AE821B67536300CD08CF /* Resources */,
			);
			buildRules = (
			);
			dependencies = (
			);
			name = ButtonPractice;
			productName = ButtonPractice;
			productReference = 1A44AE841B67536300CD08CF /* ButtonPractice.app */;
			productType = "com.apple.product-type.application";
		};
		1A44AE961B67536300CD08CF /* ButtonPracticeTests */ = {
			isa = PBXNativeTarget;
			buildConfigurationList = 1A44AEA41B67536300CD08CF /* Build configuration list for PBXNativeTarget "ButtonPracticeTests" */;
			buildPhases = (
				1A44AE931B67536300CD08CF /* Sources */,
				1A44AE941B67536300CD08CF /* Frameworks */,
				1A44AE951B67536300CD08CF /* Resources */,
			);
			buildRules = (
			);
			dependencies = (
				1A44AE991B67536300CD08CF /* PBXTargetDependency */,
			);
			name = ButtonPracticeTests;
			productName = ButtonPracticeTests;
			productReference = 1A44AE971B67536300CD08CF /* ButtonPracticeTests.xctest */;
			productType = "com.apple.product-type.bundle.unit-test";
		};
/* End PBXNativeTarget section */

/* Begin PBXProject section */
		1A44AE7C1B67536300CD08CF /* Project object */ = {
			isa = PBXProject;
			attributes = {
				LastUpgradeCheck = 0640;
				ORGANIZATIONNAME = liuyuecheng;
				TargetAttributes = {
					1A44AE831B67536300CD08CF = {
						CreatedOnToolsVersion = 6.4;
					};
					1A44AE961B67536300CD08CF = {
						CreatedOnToolsVersion = 6.4;
						TestTargetID = 1A44AE831B67536300CD08CF;
					};
				};
			};
			buildConfigurationList = 1A44AE7F1B67536300CD08CF /* Build configuration list for PBXProject "ButtonPractice" */;
			compatibilityVersion = "Xcode 3.2";
			developmentRegion = English;
			hasScannedForEncodings = 0;
			knownRegions = (
				en,
				Base,
			);
			mainGroup = 1A44AE7B1B67536300CD08CF;
			productRefGroup = 1A44AE851B67536300CD08CF /* Products */;
			projectDirPath = "";
			projectRoot = "";
			targets = (
				1A44AE831B67536300CD08CF /* ButtonPractice */,
				1A44AE961B67536300CD08CF /* ButtonPracticeTests */,
			);
		};
/* End PBXProject section */

/* Begin PBXResourcesBuildPhase section */
		1A44AE821B67536300CD08CF /* Resources */ = {
			isa = PBXResourcesBuildPhase;
			buildActionMask = 2147483647;
			files = (
				1A44AEB61B67537B00CD08CF /* 3_normal.png in Resources */,
				1A44AEB91B67537B00CD08CF /* 4_selected.png in Resources */,
				1A44AEB81B67537B00CD08CF /* 4_normal.png in Resources */,
				1A44AE921B67536300CD08CF /* LaunchScreen.xib in Resources */,
				1A44AEB41B67537B00CD08CF /* 2_normal.png in Resources */,
				1A44AE8F1B67536300CD08CF /* Images.xcassets in Resources */,
				1A44AEB71B67537B00CD08CF /* 3_selected.png in Resources */,
				1A44AEB31B67537B00CD08CF /* 1_selected.png in Resources */,
				1A44AEB21B67537B00CD08CF /* 1_normal.png in Resources */,
				1A44AEBA1B67537B00CD08CF /* 5_normal.png in Resources */,
				1A44AEBB1B67537B00CD08CF /* 5_selected.png in Resources */,
				1A44AEB51B67537B00CD08CF /* 2_selected.png in Resources */,
			);
			runOnlyForDeploymentPostprocessing = 0;
		};
		1A44AE951B67536300CD08CF /* Resources */ = {
			isa = PBXResourcesBuildPhase;
			buildActionMask = 2147483647;
			files = (
			);
			runOnlyForDeploymentPostprocessing = 0;
		};
/* End PBXResourcesBuildPhase section */

/* Begin PBXSourcesBuildPhase section */
		1A44AE801B67536300CD08CF /* Sources */ = {
			isa = PBXSourcesBuildPhase;
			buildActionMask = 2147483647;
			files = (
				1A44AE8D1B67536300CD08CF /* AppDelegate.m in Sources */,
				1A44AE8A1B67536300CD08CF /* main.m in Sources */,
			);
			runOnlyForDeploymentPostprocessing = 0;
		};
		1A44AE931B67536300CD08CF /* Sources */ = {
			isa = PBXSourcesBuildPhase;
			buildActionMask = 2147483647;
			files = (
				1A44AE9E1B67536300CD08CF /* ButtonPracticeTests.m in Sources */,
			);
			runOnlyForDeploymentPostprocessing = 0;
		};
/* End PBXSourcesBuildPhase section */

/* Begin PBXTargetDependency section */
		1A44AE991B67536300CD08CF /* PBXTargetDependency */ = {
			isa = PBXTargetDependency;
			target = 1A44AE831B67536300CD08CF /* ButtonPractice */;
			targetProxy = 1A44AE981B67536300CD08CF /* PBXContainerItemProxy */;
		};
/* End PBXTargetDependency section */

/* Begin PBXVariantGroup section */
		1A44AE901B67536300CD08CF /* LaunchScreen.xib */ = {
			isa = PBXVariantGroup;
			children = (
				1A44AE911B67536300CD08CF /* Base */,
			);
			name = LaunchScreen.xib;
			sourceTree = "<group>";
		};
/* End PBXVariantGroup section */

/* Begin XCBuildConfiguration section */
		1A44AE9F1B67536300CD08CF /* Debug */ = {
			isa = XCBuildConfiguration;
			buildSettings = {
				ALWAYS_SEARCH_USER_PATHS = NO;
				CLANG_CXX_LANGUAGE_STANDARD = "gnu++0x";
				CLANG_CXX_LIBRARY = "libc++";
				CLANG_ENABLE_MODULES = YES;
				CLANG_ENABLE_OBJC_ARC = YES;
				CLANG_WARN_BOOL_CONVERSION = YES;
				CLANG_WARN_CONSTANT_CONVERSION = YES;
				CLANG_WARN_DIRECT_OBJC_ISA_USAGE = YES_ERROR;
				CLANG_WARN_EMPTY_BODY = YES;
				CLANG_WARN_ENUM_CONVERSION = YES;
				CLANG_WARN_INT_CONVERSION = YES;
				CLANG_WARN_OBJC_ROOT_CLASS = YES_ERROR;
				CLANG_WARN_UNREACHABLE_CODE = YES;
				CLANG_WARN__DUPLICATE_METHOD_MATCH = YES;
				"CODE_SIGN_IDENTITY[sdk=iphoneos*]" = "iPhone Developer";
				COPY_PHASE_STRIP = NO;
				DEBUG_INFORMATION_FORMAT = "dwarf-with-dsym";
				ENABLE_STRICT_OBJC_MSGSEND = YES;
				GCC_C_LANGUAGE_STANDARD = gnu99;
				GCC_DYNAMIC_NO_PIC = NO;
				GCC_NO_COMMON_BLOCKS = YES;
				GCC_OPTIMIZATION_LEVEL = 0;
				GCC_PREPROCESSOR_DEFINITIONS = (
					"DEBUG=1",
					"$(inherited)",
				);
				GCC_SYMBOLS_PRIVATE_EXTERN = NO;
				GCC_WARN_64_TO_32_BIT_CONVERSION = YES;
				GCC_WARN_ABOUT_RETURN_TYPE = YES_ERROR;
				GCC_WARN_UNDECLARED_SELECTOR = YES;
				GCC_WARN_UNINITIALIZED_AUTOS = YES_AGGRESSIVE;
				GCC_WARN_UNUSED_FUNCTION = YES;
				GCC_WARN_UNUSED_VARIABLE = YES;
				IPHONEOS_DEPLOYMENT_TARGET = 8.4;
				MTL_ENABLE_DEBUG_INFO = YES;
				ONLY_ACTIVE_ARCH = YES;
				SDKROOT = iphoneos;
			};
			name = Debug;
		};
		1A44AEA01B67536300CD08CF /* Release */ = {
			isa = XCBuildConfiguration;
			buildSettings = {
				ALWAYS_SEARCH_USER_PATHS = NO;
				CLANG_CXX_LANGUAGE_STANDARD = "gnu++0x";
				CLANG_CXX_LIBRARY = "libc++";
				CLANG_ENABLE_MODULES = YES;
				CLANG_ENABLE_OBJC_ARC = YES;
				CLANG_WARN_BOOL_CONVERSION = YES;
				CLANG_WARN_CONSTANT_CONVERSION = YES;
				CLANG_WARN_DIRECT_OBJC_ISA_USAGE = YES_ERROR;
				CLANG_WARN_EMPTY_BODY = YES;
				CLANG_WARN_ENUM_CONVERSION = YES;
				CLANG_WARN_INT_CONVERSION = YES;
				CLANG_WARN_OBJC_ROOT_CLASS = YES_ERROR;
				CLANG_WARN_UNREACHABLE_CODE = YES;
				CLANG_WARN__DUPLICATE_METHOD_MATCH = YES;
				"CODE_SIGN_IDENTITY[sdk=iphoneos*]" = "iPhone Developer";
				COPY_PHASE_STRIP = NO;
				DEBUG_INFORMATION_FORMAT = "dwarf-with-dsym";
				ENABLE_NS_ASSERTIONS = NO;
				ENABLE_STRICT_OBJC_MSGSEND = YES;
				GCC_C_LANGUAGE_STANDARD = gnu99;
				GCC_NO_COMMON_BLOCKS = YES;
				GCC_WARN_64_TO_32_BIT_CONVERSION = YES;
				GCC_WARN_ABOUT_RETURN_TYPE = YES_ERROR;
				GCC_WARN_UNDECLARED_SELECTOR = YES;
				GCC_WARN_UNINITIALIZED_AUTOS = YES_AGGRESSIVE;
				GCC_WARN_UNUSED_FUNCTION = YES;
				GCC_WARN_UNUSED_VARIABLE = YES;
				IPHONEOS_DEPLOYMENT_TARGET = 8.4;
				MTL_ENABLE_DEBUG_INFO = NO;
				SDKROOT = iphoneos;
				VALIDATE_PRODUCT = YES;
			};
			name = Release;
		};
		1A44AEA21B67536300CD08CF /* Debug */ = {
			isa = XCBuildConfiguration;
			buildSettings = {
				ASSETCATALOG_COMPILER_APPICON_NAME = AppIcon;
				INFOPLIST_FILE = ButtonPractice/Info.plist;
				LD_RUNPATH_SEARCH_PATHS = "$(inherited) @executable_path/Frameworks";
				PRODUCT_NAME = "$(TARGET_NAME)";
			};
			name = Debug;
		};
		1A44AEA31B67536300CD08CF /* Release */ = {
			isa = XCBuildConfiguration;
			buildSettings = {
				ASSETCATALOG_COMPILER_APPICON_NAME = AppIcon;
				INFOPLIST_FILE = ButtonPractice/Info.plist;
				LD_RUNPATH_SEARCH_PATHS = "$(inherited) @executable_path/Frameworks";
				PRODUCT_NAME = "$(TARGET_NAME)";
			};
			name = Release;
		};
		1A44AEA51B67536300CD08CF /* Debug */ = {
			isa = XCBuildConfiguration;
			buildSettings = {
				BUNDLE_LOADER = "$(TEST_HOST)";
				FRAMEWORK_SEARCH_PATHS = (
					"$(SDKROOT)/Developer/Library/Frameworks",
					"$(inherited)",
				);
				GCC_PREPROCESSOR_DEFINITIONS = (
					"DEBUG=1",
					"$(inherited)",
				);
				INFOPLIST_FILE = ButtonPracticeTests/Info.plist;
				LD_RUNPATH_SEARCH_PATHS = "$(inherited) @executable_path/Frameworks @loader_path/Frameworks";
				PRODUCT_NAME = "$(TARGET_NAME)";
				TEST_HOST = "$(BUILT_PRODUCTS_DIR)/ButtonPractice.app/ButtonPractice";
			};
			name = Debug;
		};
		1A44AEA61B67536300CD08CF /* Release */ = {
			isa = XCBuildConfiguration;
			buildSettings = {
				BUNDLE_LOADER = "$(TEST_HOST)";
				FRAMEWORK_SEARCH_PATHS = (
					"$(SDKROOT)/Developer/Library/Frameworks",
					"$(inherited)",
				);
				INFOPLIST_FILE = ButtonPracticeTests/Info.plist;
				LD_RUNPATH_SEARCH_PATHS = "$(inherited) @executable_path/Frameworks @loader_path/Frameworks";
				PRODUCT_NAME = "$(TARGET_NAME)";
				TEST_HOST = "$(BUILT_PRODUCTS_DIR)/ButtonPractice.app/ButtonPractice";
			};
			name = Release;
		};
/* End XCBuildConfiguration section */

/* Begin XCConfigurationList section */
		1A44AE7F1B67536300CD08CF /* Build configuration list for PBXProject "ButtonPractice" */ = {
			isa = XCConfigurationList;
			buildConfigurations = (
				1A44AE9F1B67536300CD08CF /* Debug */,
				1A44AEA01B67536300CD08CF /* Release */,
			);
			defaultConfigurationIsVisible = 0;
			defaultConfigurationName = Release;
		};
		1A44AEA11B67536300CD08CF /* Build configuration list for PBXNativeTarget "ButtonPractice" */ = {
			isa = XCConfigurationList;
			buildConfigurations = (
				1A44AEA21B67536300CD08CF /* Debug */,
				1A44AEA31B67536300CD08CF /* Release */,
			);
			defaultConfigurationIsVisible = 0;
		};
		1A44AEA41B67536300CD08CF /* Build configuration list for PBXNativeTarget "ButtonPracticeTests" */ = {
			isa = XCConfigurationList;
			buildConfigurations = (
				1A44AEA51B67536300CD08CF /* Debug */,
				1A44AEA61B67536300CD08CF /* Release */,
			);
			defaultConfigurationIsVisible = 0;
		};
/* End XCConfigurationList section */
	};
	rootObject = 1A44AE7C1B67536300CD08CF /* Project object */;
}
